{
  "lib/forge-std": {
    "rev": "f90623596aecbf678c41d4d45ca81ce0e43c8219"
  },
  "lib/openzeppelin-contracts": {
    "tag": {
      "name": "v5.5.0",
      "rev": "fcbae5394ae8ad52d8e580a3477db99814b9d565"
    }
  },
  "src/dynamic-nft/lib/forge-std": {
    "rev": "b8f065fda83b8cd94a6b2fec8fcd911dc3b444fd"
  }
}